
Microsoft Visual Studio Solution File, Format Version 12.00
# Visual Studio Version 17
VisualStudioVersion = 17.0.31903.59
MinimumVisualStudioVersion = 10.0.40219.1
Project("{2150E333-8FDC-42A3-9474-1A3956D46DE8}") = "src", "src", "{F967758C-F430-4A3B-AB8C-C6D2B4B4B521}"
EndProject
Project("{FAE04EC0-301F-11D3-BF4B-00C04F79EFBC}") = "Playground", "src\Playground\Playground.csproj", "{44D1156A-7E2E-4B57-97E3-2E0FD26A86D2}"
EndProject
Project("{FAE04EC0-301F-11D3-BF4B-00C04F79EFBC}") = "PlatynUI.Spy", "src\PlatynUI.Spy\PlatynUI.Spy.csproj", "{04BF2F8B-45B4-4939-8C22-32EC3DD1B7CC}"
EndProject
Project("{2150E333-8FDC-42A3-9474-1A3956D46DE8}") = "tests", "tests", "{0A167FBD-7C1B-4D56-AA41-A916906914B1}"
EndProject
Project("{2150E333-8FDC-42A3-9474-1A3956D46DE8}") = "apps", "apps", "{10480483-8974-467F-A51B-4AC8F946F38B}"
EndProject
Project("{FAE04EC0-301F-11D3-BF4B-00C04F79EFBC}") = "AvaloniaTestApp", "tests\apps\AvaloniaTestApp\AvaloniaTestApp.csproj", "{74E4A640-A962-4497-98E2-28645DC15D17}"
EndProject
Project("{FAE04EC0-301F-11D3-BF4B-00C04F79EFBC}") = "PlatynUI.Server", "src\PlatynUI.Server\PlatynUI.Server.csproj", "{CAC873DC-F580-4A8A-B90D-D1EE8377FC31}"
EndProject
Project("{FAE04EC0-301F-11D3-BF4B-00C04F79EFBC}") = "PlatynUI.Provider.Server", "src\PlatynUI.Provider.Server\PlatynUI.Provider.Server.csproj", "{363DA507-4DF1-49D4-AF6B-B150B1D9996D}"
EndProject
Global
	GlobalSection(SolutionConfigurationPlatforms) = preSolution
		Debug|Any CPU = Debug|Any CPU
		Debug|x64 = Debug|x64
		Debug|x86 = Debug|x86
		Release|Any CPU = Release|Any CPU
		Release|x64 = Release|x64
		Release|x86 = Release|x86
	EndGlobalSection
	GlobalSection(ProjectConfigurationPlatforms) = postSolution
		{44D1156A-7E2E-4B57-97E3-2E0FD26A86D2}.Debug|Any CPU.ActiveCfg = Debug|Any CPU
		{44D1156A-7E2E-4B57-97E3-2E0FD26A86D2}.Debug|Any CPU.Build.0 = Debug|Any CPU
		{44D1156A-7E2E-4B57-97E3-2E0FD26A86D2}.Debug|x64.ActiveCfg = Debug|Any CPU
		{44D1156A-7E2E-4B57-97E3-2E0FD26A86D2}.Debug|x64.Build.0 = Debug|Any CPU
		{44D1156A-7E2E-4B57-97E3-2E0FD26A86D2}.Debug|x86.ActiveCfg = Debug|Any CPU
		{44D1156A-7E2E-4B57-97E3-2E0FD26A86D2}.Debug|x86.Build.0 = Debug|Any CPU
		{44D1156A-7E2E-4B57-97E3-2E0FD26A86D2}.Release|Any CPU.ActiveCfg = Release|Any CPU
		{44D1156A-7E2E-4B57-97E3-2E0FD26A86D2}.Release|Any CPU.Build.0 = Release|Any CPU
		{44D1156A-7E2E-4B57-97E3-2E0FD26A86D2}.Release|x64.ActiveCfg = Release|Any CPU
		{44D1156A-7E2E-4B57-97E3-2E0FD26A86D2}.Release|x64.Build.0 = Release|Any CPU
		{44D1156A-7E2E-4B57-97E3-2E0FD26A86D2}.Release|x86.ActiveCfg = Release|Any CPU
		{44D1156A-7E2E-4B57-97E3-2E0FD26A86D2}.Release|x86.Build.0 = Release|Any CPU
		{04BF2F8B-45B4-4939-8C22-32EC3DD1B7CC}.Debug|Any CPU.ActiveCfg = Debug|Any CPU
		{04BF2F8B-45B4-4939-8C22-32EC3DD1B7CC}.Debug|Any CPU.Build.0 = Debug|Any CPU
		{04BF2F8B-45B4-4939-8C22-32EC3DD1B7CC}.Debug|x64.ActiveCfg = Debug|Any CPU
		{04BF2F8B-45B4-4939-8C22-32EC3DD1B7CC}.Debug|x64.Build.0 = Debug|Any CPU
		{04BF2F8B-45B4-4939-8C22-32EC3DD1B7CC}.Debug|x86.ActiveCfg = Debug|Any CPU
		{04BF2F8B-45B4-4939-8C22-32EC3DD1B7CC}.Debug|x86.Build.0 = Debug|Any CPU
		{04BF2F8B-45B4-4939-8C22-32EC3DD1B7CC}.Release|Any CPU.ActiveCfg = Release|Any CPU
		{04BF2F8B-45B4-4939-8C22-32EC3DD1B7CC}.Release|Any CPU.Build.0 = Release|Any CPU
		{04BF2F8B-45B4-4939-8C22-32EC3DD1B7CC}.Release|x64.ActiveCfg = Release|Any CPU
		{04BF2F8B-45B4-4939-8C22-32EC3DD1B7CC}.Release|x64.Build.0 = Release|Any CPU
		{04BF2F8B-45B4-4939-8C22-32EC3DD1B7CC}.Release|x86.ActiveCfg = Release|Any CPU
		{04BF2F8B-45B4-4939-8C22-32EC3DD1B7CC}.Release|x86.Build.0 = Release|Any CPU
		{74E4A640-A962-4497-98E2-28645DC15D17}.Debug|Any CPU.ActiveCfg = Debug|Any CPU
		{74E4A640-A962-4497-98E2-28645DC15D17}.Debug|Any CPU.Build.0 = Debug|Any CPU
		{74E4A640-A962-4497-98E2-28645DC15D17}.Debug|x64.ActiveCfg = Debug|Any CPU
		{74E4A640-A962-4497-98E2-28645DC15D17}.Debug|x64.Build.0 = Debug|Any CPU
		{74E4A640-A962-4497-98E2-28645DC15D17}.Debug|x86.ActiveCfg = Debug|Any CPU
		{74E4A640-A962-4497-98E2-28645DC15D17}.Debug|x86.Build.0 = Debug|Any CPU
		{74E4A640-A962-4497-98E2-28645DC15D17}.Release|Any CPU.ActiveCfg = Release|Any CPU
		{74E4A640-A962-4497-98E2-28645DC15D17}.Release|Any CPU.Build.0 = Release|Any CPU
		{74E4A640-A962-4497-98E2-28645DC15D17}.Release|x64.ActiveCfg = Release|Any CPU
		{74E4A640-A962-4497-98E2-28645DC15D17}.Release|x64.Build.0 = Release|Any CPU
		{74E4A640-A962-4497-98E2-28645DC15D17}.Release|x86.ActiveCfg = Release|Any CPU
		{74E4A640-A962-4497-98E2-28645DC15D17}.Release|x86.Build.0 = Release|Any CPU
		{CAC873DC-F580-4A8A-B90D-D1EE8377FC31}.Debug|Any CPU.ActiveCfg = Debug|Any CPU
		{CAC873DC-F580-4A8A-B90D-D1EE8377FC31}.Debug|Any CPU.Build.0 = Debug|Any CPU
		{CAC873DC-F580-4A8A-B90D-D1EE8377FC31}.Debug|x64.ActiveCfg = Debug|Any CPU
		{CAC873DC-F580-4A8A-B90D-D1EE8377FC31}.Debug|x64.Build.0 = Debug|Any CPU
		{CAC873DC-F580-4A8A-B90D-D1EE8377FC31}.Debug|x86.ActiveCfg = Debug|Any CPU
		{CAC873DC-F580-4A8A-B90D-D1EE8377FC31}.Debug|x86.Build.0 = Debug|Any CPU
		{CAC873DC-F580-4A8A-B90D-D1EE8377FC31}.Release|Any CPU.ActiveCfg = Release|Any CPU
		{CAC873DC-F580-4A8A-B90D-D1EE8377FC31}.Release|Any CPU.Build.0 = Release|Any CPU
		{CAC873DC-F580-4A8A-B90D-D1EE8377FC31}.Release|x64.ActiveCfg = Release|Any CPU
		{CAC873DC-F580-4A8A-B90D-D1EE8377FC31}.Release|x64.Build.0 = Release|Any CPU
		{CAC873DC-F580-4A8A-B90D-D1EE8377FC31}.Release|x86.ActiveCfg = Release|Any CPU
		{CAC873DC-F580-4A8A-B90D-D1EE8377FC31}.Release|x86.Build.0 = Release|Any CPU
		{363DA507-4DF1-49D4-AF6B-B150B1D9996D}.Debug|Any CPU.ActiveCfg = Debug|Any CPU
		{363DA507-4DF1-49D4-AF6B-B150B1D9996D}.Debug|Any CPU.Build.0 = Debug|Any CPU
		{363DA507-4DF1-49D4-AF6B-B150B1D9996D}.Debug|x64.ActiveCfg = Debug|Any CPU
		{363DA507-4DF1-49D4-AF6B-B150B1D9996D}.Debug|x64.Build.0 = Debug|Any CPU
		{363DA507-4DF1-49D4-AF6B-B150B1D9996D}.Debug|x86.ActiveCfg = Debug|Any CPU
		{363DA507-4DF1-49D4-AF6B-B150B1D9996D}.Debug|x86.Build.0 = Debug|Any CPU
		{363DA507-4DF1-49D4-AF6B-B150B1D9996D}.Release|Any CPU.ActiveCfg = Release|Any CPU
		{363DA507-4DF1-49D4-AF6B-B150B1D9996D}.Release|Any CPU.Build.0 = Release|Any CPU
		{363DA507-4DF1-49D4-AF6B-B150B1D9996D}.Release|x64.ActiveCfg = Release|Any CPU
		{363DA507-4DF1-49D4-AF6B-B150B1D9996D}.Release|x64.Build.0 = Release|Any CPU
		{363DA507-4DF1-49D4-AF6B-B150B1D9996D}.Release|x86.ActiveCfg = Release|Any CPU
		{363DA507-4DF1-49D4-AF6B-B150B1D9996D}.Release|x86.Build.0 = Release|Any CPU
	EndGlobalSection
	GlobalSection(SolutionProperties) = preSolution
		HideSolutionNode = FALSE
	EndGlobalSection
	GlobalSection(NestedProjects) = preSolution
		{44D1156A-7E2E-4B57-97E3-2E0FD26A86D2} = {F967758C-F430-4A3B-AB8C-C6D2B4B4B521}
		{04BF2F8B-45B4-4939-8C22-32EC3DD1B7CC} = {F967758C-F430-4A3B-AB8C-C6D2B4B4B521}
		{10480483-8974-467F-A51B-4AC8F946F38B} = {0A167FBD-7C1B-4D56-AA41-A916906914B1}
		{74E4A640-A962-4497-98E2-28645DC15D17} = {10480483-8974-467F-A51B-4AC8F946F38B}
		{CAC873DC-F580-4A8A-B90D-D1EE8377FC31} = {F967758C-F430-4A3B-AB8C-C6D2B4B4B521}
		{363DA507-4DF1-49D4-AF6B-B150B1D9996D} = {F967758C-F430-4A3B-AB8C-C6D2B4B4B521}
	EndGlobalSection
EndGlobal
