
Microsoft Visual Studio Solution File, Format Version 12.00
# Visual Studio Version 17
VisualStudioVersion = 17.0.31903.59
MinimumVisualStudioVersion = 10.0.40219.1
Project("{2150E333-8FDC-42A3-9474-1A3956D46DE8}") = "src", "src", "{F967758C-F430-4A3B-AB8C-C6D2B4B4B521}"
EndProject
Project("{FAE04EC0-301F-11D3-BF4B-00C04F79EFBC}") = "PlatynUI.Technology.UiAutomation", "src\PlatynUI.Technology.UiAutomation\PlatynUI.Technology.UiAutomation.csproj", "{3C4EA5A8-8758-4001-900C-EB1049EE1CF7}"
EndProject
Project("{FAE04EC0-301F-11D3-BF4B-00C04F79EFBC}") = "Playground", "src\Playground\Playground.csproj", "{44D1156A-7E2E-4B57-97E3-2E0FD26A86D2}"
EndProject
Project("{2150E333-8FDC-42A3-9474-1A3956D46DE8}") = "tests", "tests", "{E4930894-5ACE-4F0B-861E-2134304148AB}"
EndProject
Project("{2150E333-8FDC-42A3-9474-1A3956D46DE8}") = "apps", "apps", "{1AD8F460-1AA7-4858-94DA-AF7724165702}"
EndProject
Project("{FAE04EC0-301F-11D3-BF4B-00C04F79EFBC}") = "WpfTestApp", "tests\apps\WpfTestApp\WpfTestApp.csproj", "{9F10C37C-76DE-4FBB-9D3C-39473D3F0C14}"
EndProject
Project("{FAE04EC0-301F-11D3-BF4B-00C04F79EFBC}") = "PlatynUI.Technology.UiAutomation.Spy", "src\PlatynUI.Technology.UiAutomation.Spy\PlatynUI.Technology.UiAutomation.Spy.csproj", "{7A3CA99C-E54E-4287-BFB6-207D501FD102}"
EndProject
Project("{FAE04EC0-301F-11D3-BF4B-00C04F79EFBC}") = "NoWindowPatternApp", "tests\apps\NoWindowPatternApp\NoWindowPatternApp.csproj", "{2ABEC8EC-3DF0-46B8-B356-196009CEDD94}"
EndProject
Project("{FAE04EC0-301F-11D3-BF4B-00C04F79EFBC}") = "PlatynUI.Runtime", "src\PlatynUI.Runtime\PlatynUI.Runtime.csproj", "{B464DD8E-F7C7-4111-B7DF-28989AFB2B9B}"
EndProject
Project("{FAE04EC0-301F-11D3-BF4B-00C04F79EFBC}") = "PlatynUI.Spy", "src\PlatynUI.Spy\PlatynUI.Spy.csproj", "{04BF2F8B-45B4-4939-8C22-32EC3DD1B7CC}"
EndProject
Global
	GlobalSection(SolutionConfigurationPlatforms) = preSolution
		Debug|Any CPU = Debug|Any CPU
		Release|Any CPU = Release|Any CPU
	EndGlobalSection
	GlobalSection(SolutionProperties) = preSolution
		HideSolutionNode = FALSE
	EndGlobalSection
	GlobalSection(ProjectConfigurationPlatforms) = postSolution
		{3C4EA5A8-8758-4001-900C-EB1049EE1CF7}.Debug|Any CPU.ActiveCfg = Debug|Any CPU
		{3C4EA5A8-8758-4001-900C-EB1049EE1CF7}.Debug|Any CPU.Build.0 = Debug|Any CPU
		{3C4EA5A8-8758-4001-900C-EB1049EE1CF7}.Release|Any CPU.ActiveCfg = Release|Any CPU
		{3C4EA5A8-8758-4001-900C-EB1049EE1CF7}.Release|Any CPU.Build.0 = Release|Any CPU
		{44D1156A-7E2E-4B57-97E3-2E0FD26A86D2}.Debug|Any CPU.ActiveCfg = Debug|Any CPU
		{44D1156A-7E2E-4B57-97E3-2E0FD26A86D2}.Debug|Any CPU.Build.0 = Debug|Any CPU
		{44D1156A-7E2E-4B57-97E3-2E0FD26A86D2}.Release|Any CPU.ActiveCfg = Release|Any CPU
		{44D1156A-7E2E-4B57-97E3-2E0FD26A86D2}.Release|Any CPU.Build.0 = Release|Any CPU
		{9F10C37C-76DE-4FBB-9D3C-39473D3F0C14}.Debug|Any CPU.ActiveCfg = Debug|Any CPU
		{9F10C37C-76DE-4FBB-9D3C-39473D3F0C14}.Debug|Any CPU.Build.0 = Debug|Any CPU
		{9F10C37C-76DE-4FBB-9D3C-39473D3F0C14}.Release|Any CPU.ActiveCfg = Release|Any CPU
		{9F10C37C-76DE-4FBB-9D3C-39473D3F0C14}.Release|Any CPU.Build.0 = Release|Any CPU
		{7A3CA99C-E54E-4287-BFB6-207D501FD102}.Debug|Any CPU.ActiveCfg = Debug|Any CPU
		{7A3CA99C-E54E-4287-BFB6-207D501FD102}.Debug|Any CPU.Build.0 = Debug|Any CPU
		{7A3CA99C-E54E-4287-BFB6-207D501FD102}.Release|Any CPU.ActiveCfg = Release|Any CPU
		{7A3CA99C-E54E-4287-BFB6-207D501FD102}.Release|Any CPU.Build.0 = Release|Any CPU
		{2ABEC8EC-3DF0-46B8-B356-196009CEDD94}.Debug|Any CPU.ActiveCfg = Debug|Any CPU
		{2ABEC8EC-3DF0-46B8-B356-196009CEDD94}.Debug|Any CPU.Build.0 = Debug|Any CPU
		{2ABEC8EC-3DF0-46B8-B356-196009CEDD94}.Release|Any CPU.ActiveCfg = Release|Any CPU
		{2ABEC8EC-3DF0-46B8-B356-196009CEDD94}.Release|Any CPU.Build.0 = Release|Any CPU
		{B464DD8E-F7C7-4111-B7DF-28989AFB2B9B}.Debug|Any CPU.ActiveCfg = Debug|Any CPU
		{B464DD8E-F7C7-4111-B7DF-28989AFB2B9B}.Debug|Any CPU.Build.0 = Debug|Any CPU
		{B464DD8E-F7C7-4111-B7DF-28989AFB2B9B}.Release|Any CPU.ActiveCfg = Release|Any CPU
		{B464DD8E-F7C7-4111-B7DF-28989AFB2B9B}.Release|Any CPU.Build.0 = Release|Any CPU
		{04BF2F8B-45B4-4939-8C22-32EC3DD1B7CC}.Debug|Any CPU.ActiveCfg = Debug|Any CPU
		{04BF2F8B-45B4-4939-8C22-32EC3DD1B7CC}.Debug|Any CPU.Build.0 = Debug|Any CPU
		{04BF2F8B-45B4-4939-8C22-32EC3DD1B7CC}.Release|Any CPU.ActiveCfg = Release|Any CPU
		{04BF2F8B-45B4-4939-8C22-32EC3DD1B7CC}.Release|Any CPU.Build.0 = Release|Any CPU
	EndGlobalSection
	GlobalSection(NestedProjects) = preSolution
		{3C4EA5A8-8758-4001-900C-EB1049EE1CF7} = {F967758C-F430-4A3B-AB8C-C6D2B4B4B521}
		{44D1156A-7E2E-4B57-97E3-2E0FD26A86D2} = {F967758C-F430-4A3B-AB8C-C6D2B4B4B521}
		{1AD8F460-1AA7-4858-94DA-AF7724165702} = {E4930894-5ACE-4F0B-861E-2134304148AB}
		{9F10C37C-76DE-4FBB-9D3C-39473D3F0C14} = {1AD8F460-1AA7-4858-94DA-AF7724165702}
		{7A3CA99C-E54E-4287-BFB6-207D501FD102} = {F967758C-F430-4A3B-AB8C-C6D2B4B4B521}
		{2ABEC8EC-3DF0-46B8-B356-196009CEDD94} = {1AD8F460-1AA7-4858-94DA-AF7724165702}
		{B464DD8E-F7C7-4111-B7DF-28989AFB2B9B} = {F967758C-F430-4A3B-AB8C-C6D2B4B4B521}
		{04BF2F8B-45B4-4939-8C22-32EC3DD1B7CC} = {F967758C-F430-4A3B-AB8C-C6D2B4B4B521}
	EndGlobalSection
EndGlobal
